
Microsoft Visual Studio Solution File, Format Version 12.00
# Visual Studio Version 17
VisualStudioVersion = 17.10.34928.147
MinimumVisualStudioVersion = 10.0.40219.1
Project("{FAE04EC0-301F-11D3-BF4B-00C04F79EFBC}") = "Screen Sound", "Screen Sound\Screen Sound.csproj", "{8BD1B7BE-AEF0-4969-9882-B629AFB65605}"
EndProject
Global
	GlobalSection(SolutionConfigurationPlatforms) = preSolution
		Debug|Any CPU = Debug|Any CPU
		Release|Any CPU = Release|Any CPU
	EndGlobalSection
	GlobalSection(ProjectConfigurationPlatforms) = postSolution
		{8BD1B7BE-AEF0-4969-9882-B629AFB65605}.Debug|Any CPU.ActiveCfg = Debug|Any CPU
		{8BD1B7BE-AEF0-4969-9882-B629AFB65605}.Debug|Any CPU.Build.0 = Debug|Any CPU
		{8BD1B7BE-AEF0-4969-9882-B629AFB65605}.Release|Any CPU.ActiveCfg = Release|Any CPU
		{8BD1B7BE-AEF0-4969-9882-B629AFB65605}.Release|Any CPU.Build.0 = Release|Any CPU
	EndGlobalSection
	GlobalSection(SolutionProperties) = preSolution
		HideSolutionNode = FALSE
	EndGlobalSection
	GlobalSection(ExtensibilityGlobals) = postSolution
		SolutionGuid = {A45932C8-247B-4C42-A1F6-52AA5711C14F}
	EndGlobalSection
EndGlobal
